
Microsoft Visual Studio Solution File, Format Version 12.00
# Visual Studio 2012
Project("{8BC9CEB8-8B4A-11D0-8D11-00A0C91BC942}") = "显示绘图", "显示绘图\显示绘图.vcxproj", "{7D6F7489-A708-474B-90F7-3F339DB3B957}"
EndProject
Project("{8BC9CEB8-8B4A-11D0-8D11-00A0C91BC942}") = "一般函数绘图", "一般函数绘图\一般函数绘图.vcxproj", "{B261778F-C2B3-4205-8544-73E398D2FF60}"
EndProject
Project("{8BC9CEB8-8B4A-11D0-8D11-00A0C91BC942}") = "绘图", "绘图\绘图.vcxproj", "{05FAA72E-1E18-44D2-83A6-03723AA54A9C}"
EndProject
Project("{8BC9CEB8-8B4A-11D0-8D11-00A0C91BC942}") = "画直线", "画直线\画直线.vcxproj", "{965B1959-E6EE-458E-898E-61AC6B8E8B04}"
EndProject
Project("{8BC9CEB8-8B4A-11D0-8D11-00A0C91BC942}") = "画笔", "画笔\画笔.vcxproj", "{32549536-05DA-409E-A25D-A3B21FD5DC74}"
EndProject
Project("{8BC9CEB8-8B4A-11D0-8D11-00A0C91BC942}") = "椭圆的绘制", "椭圆的绘制\椭圆的绘制.vcxproj", "{F9E48F4A-24E5-4153-B6CD-AF2F38433469}"
EndProject
Project("{8BC9CEB8-8B4A-11D0-8D11-00A0C91BC942}") = "显示背景颜色", "显示背景颜色\显示背景颜色.vcxproj", "{A3122084-6452-4B78-B1D5-28365FDBBF3A}"
EndProject
Project("{8BC9CEB8-8B4A-11D0-8D11-00A0C91BC942}") = "工具条绘图", "工具条绘图\工具条绘图.vcxproj", "{1AFBAE09-2952-47ED-B8EA-1FF1392EA39B}"
EndProject
Project("{8BC9CEB8-8B4A-11D0-8D11-00A0C91BC942}") = "五角星", "五角星\五角星.vcxproj", "{D5EDB506-5ABF-423C-B404-9C25FD1DE3A9}"
EndProject
Project("{8BC9CEB8-8B4A-11D0-8D11-00A0C91BC942}") = "曲线绘制", "曲线绘制\曲线绘制.vcxproj", "{4DBA9F80-72FB-416E-8B15-B31C6A480B60}"
EndProject
Project("{8BC9CEB8-8B4A-11D0-8D11-00A0C91BC942}") = "直方图", "直方图\直方图.vcxproj", "{FC67A6CE-8E43-4796-BB1E-D0EB3202EFB0}"
EndProject
Project("{8BC9CEB8-8B4A-11D0-8D11-00A0C91BC942}") = "字体显示", "字体显示\字体显示.vcxproj", "{15CA7B60-70DA-4A74-A5C1-9C92E96AF1DD}"
EndProject
Project("{8BC9CEB8-8B4A-11D0-8D11-00A0C91BC942}") = "创建字体", "创建字体\创建字体.vcxproj", "{06C862A8-A000-4EAD-BE15-3F0F92473DD8}"
EndProject
Project("{8BC9CEB8-8B4A-11D0-8D11-00A0C91BC942}") = "设置字体", "设置字体\设置字体.vcxproj", "{4A2A9A64-4D1D-4B91-B7BB-915E05AF93E4}"
EndProject
Project("{8BC9CEB8-8B4A-11D0-8D11-00A0C91BC942}") = "绘制文本", "绘制文本\绘制文本.vcxproj", "{690345F0-3225-4068-A9DF-046BDBDAE4B8}"
EndProject
Project("{8BC9CEB8-8B4A-11D0-8D11-00A0C91BC942}") = "图标和光标", "图标和光标\图标和光标.vcxproj", "{EDA271A0-54AC-41BF-B951-E7237F1C3E26}"
EndProject
Project("{8BC9CEB8-8B4A-11D0-8D11-00A0C91BC942}") = "显示位图", "显示位图\显示位图.vcxproj", "{C9791143-5DBC-4C46-BDAB-DB72863F8965}"
EndProject
Project("{8BC9CEB8-8B4A-11D0-8D11-00A0C91BC942}") = "改变图标", "改变图标\改变图标.vcxproj", "{E1A19A32-E4D5-4228-9D73-3DBC7EFED825}"
EndProject
Project("{8BC9CEB8-8B4A-11D0-8D11-00A0C91BC942}") = "图标显示", "图标显示\图标显示.vcxproj", "{5C1C2FD5-EA5A-40FE-81A8-59E0D3B31ED9}"
EndProject
Project("{8BC9CEB8-8B4A-11D0-8D11-00A0C91BC942}") = "箭头光标", "箭头光标\箭头光标.vcxproj", "{46EF7C21-A58A-4957-A90F-72B87C7B5E48}"
EndProject
Project("{8BC9CEB8-8B4A-11D0-8D11-00A0C91BC942}") = "光标形状", "光标形状\光标形状.vcxproj", "{98D66E15-6E34-4875-B886-BD46DE1BA020}"
EndProject
Project("{8BC9CEB8-8B4A-11D0-8D11-00A0C91BC942}") = "光标更改", "光标更改\光标更改.vcxproj", "{B2631FB3-E144-4A62-8C3E-28156437711D}"
EndProject
Project("{8BC9CEB8-8B4A-11D0-8D11-00A0C91BC942}") = "图像局部放大", "图像局部放大\图像局部放大.vcxproj", "{D0B84834-1FA3-44B2-9A72-581E8EC3844C}"
EndProject
Project("{8BC9CEB8-8B4A-11D0-8D11-00A0C91BC942}") = "绘制图形", "绘制图形\绘制图形.vcxproj", "{9A40BB1A-75C0-4DEE-9688-901AF7B087AC}"
EndProject
Project("{8BC9CEB8-8B4A-11D0-8D11-00A0C91BC942}") = "调色板", "调色板\调色板.vcxproj", "{E8347CD8-4A80-46CB-B639-FD7C1453D0F9}"
EndProject
Global
	GlobalSection(SolutionConfigurationPlatforms) = preSolution
		Debug|Win32 = Debug|Win32
		Release|Win32 = Release|Win32
	EndGlobalSection
	GlobalSection(ProjectConfigurationPlatforms) = postSolution
		{7D6F7489-A708-474B-90F7-3F339DB3B957}.Debug|Win32.ActiveCfg = Debug|Win32
		{7D6F7489-A708-474B-90F7-3F339DB3B957}.Debug|Win32.Build.0 = Debug|Win32
		{7D6F7489-A708-474B-90F7-3F339DB3B957}.Release|Win32.ActiveCfg = Release|Win32
		{7D6F7489-A708-474B-90F7-3F339DB3B957}.Release|Win32.Build.0 = Release|Win32
		{B261778F-C2B3-4205-8544-73E398D2FF60}.Debug|Win32.ActiveCfg = Debug|Win32
		{B261778F-C2B3-4205-8544-73E398D2FF60}.Debug|Win32.Build.0 = Debug|Win32
		{B261778F-C2B3-4205-8544-73E398D2FF60}.Release|Win32.ActiveCfg = Release|Win32
		{B261778F-C2B3-4205-8544-73E398D2FF60}.Release|Win32.Build.0 = Release|Win32
		{05FAA72E-1E18-44D2-83A6-03723AA54A9C}.Debug|Win32.ActiveCfg = Debug|Win32
		{05FAA72E-1E18-44D2-83A6-03723AA54A9C}.Debug|Win32.Build.0 = Debug|Win32
		{05FAA72E-1E18-44D2-83A6-03723AA54A9C}.Release|Win32.ActiveCfg = Release|Win32
		{05FAA72E-1E18-44D2-83A6-03723AA54A9C}.Release|Win32.Build.0 = Release|Win32
		{965B1959-E6EE-458E-898E-61AC6B8E8B04}.Debug|Win32.ActiveCfg = Debug|Win32
		{965B1959-E6EE-458E-898E-61AC6B8E8B04}.Debug|Win32.Build.0 = Debug|Win32
		{965B1959-E6EE-458E-898E-61AC6B8E8B04}.Release|Win32.ActiveCfg = Release|Win32
		{965B1959-E6EE-458E-898E-61AC6B8E8B04}.Release|Win32.Build.0 = Release|Win32
		{32549536-05DA-409E-A25D-A3B21FD5DC74}.Debug|Win32.ActiveCfg = Debug|Win32
		{32549536-05DA-409E-A25D-A3B21FD5DC74}.Debug|Win32.Build.0 = Debug|Win32
		{32549536-05DA-409E-A25D-A3B21FD5DC74}.Release|Win32.ActiveCfg = Release|Win32
		{32549536-05DA-409E-A25D-A3B21FD5DC74}.Release|Win32.Build.0 = Release|Win32
		{F9E48F4A-24E5-4153-B6CD-AF2F38433469}.Debug|Win32.ActiveCfg = Debug|Win32
		{F9E48F4A-24E5-4153-B6CD-AF2F38433469}.Debug|Win32.Build.0 = Debug|Win32
		{F9E48F4A-24E5-4153-B6CD-AF2F38433469}.Release|Win32.ActiveCfg = Release|Win32
		{F9E48F4A-24E5-4153-B6CD-AF2F38433469}.Release|Win32.Build.0 = Release|Win32
		{A3122084-6452-4B78-B1D5-28365FDBBF3A}.Debug|Win32.ActiveCfg = Debug|Win32
		{A3122084-6452-4B78-B1D5-28365FDBBF3A}.Debug|Win32.Build.0 = Debug|Win32
		{A3122084-6452-4B78-B1D5-28365FDBBF3A}.Release|Win32.ActiveCfg = Release|Win32
		{A3122084-6452-4B78-B1D5-28365FDBBF3A}.Release|Win32.Build.0 = Release|Win32
		{1AFBAE09-2952-47ED-B8EA-1FF1392EA39B}.Debug|Win32.ActiveCfg = Debug|Win32
		{1AFBAE09-2952-47ED-B8EA-1FF1392EA39B}.Debug|Win32.Build.0 = Debug|Win32
		{1AFBAE09-2952-47ED-B8EA-1FF1392EA39B}.Release|Win32.ActiveCfg = Release|Win32
		{1AFBAE09-2952-47ED-B8EA-1FF1392EA39B}.Release|Win32.Build.0 = Release|Win32
		{D5EDB506-5ABF-423C-B404-9C25FD1DE3A9}.Debug|Win32.ActiveCfg = Debug|Win32
		{D5EDB506-5ABF-423C-B404-9C25FD1DE3A9}.Debug|Win32.Build.0 = Debug|Win32
		{D5EDB506-5ABF-423C-B404-9C25FD1DE3A9}.Release|Win32.ActiveCfg = Release|Win32
		{D5EDB506-5ABF-423C-B404-9C25FD1DE3A9}.Release|Win32.Build.0 = Release|Win32
		{4DBA9F80-72FB-416E-8B15-B31C6A480B60}.Debug|Win32.ActiveCfg = Debug|Win32
		{4DBA9F80-72FB-416E-8B15-B31C6A480B60}.Debug|Win32.Build.0 = Debug|Win32
		{4DBA9F80-72FB-416E-8B15-B31C6A480B60}.Release|Win32.ActiveCfg = Release|Win32
		{4DBA9F80-72FB-416E-8B15-B31C6A480B60}.Release|Win32.Build.0 = Release|Win32
		{FC67A6CE-8E43-4796-BB1E-D0EB3202EFB0}.Debug|Win32.ActiveCfg = Debug|Win32
		{FC67A6CE-8E43-4796-BB1E-D0EB3202EFB0}.Debug|Win32.Build.0 = Debug|Win32
		{FC67A6CE-8E43-4796-BB1E-D0EB3202EFB0}.Release|Win32.ActiveCfg = Release|Win32
		{FC67A6CE-8E43-4796-BB1E-D0EB3202EFB0}.Release|Win32.Build.0 = Release|Win32
		{15CA7B60-70DA-4A74-A5C1-9C92E96AF1DD}.Debug|Win32.ActiveCfg = Debug|Win32
		{15CA7B60-70DA-4A74-A5C1-9C92E96AF1DD}.Debug|Win32.Build.0 = Debug|Win32
		{15CA7B60-70DA-4A74-A5C1-9C92E96AF1DD}.Release|Win32.ActiveCfg = Release|Win32
		{15CA7B60-70DA-4A74-A5C1-9C92E96AF1DD}.Release|Win32.Build.0 = Release|Win32
		{06C862A8-A000-4EAD-BE15-3F0F92473DD8}.Debug|Win32.ActiveCfg = Debug|Win32
		{06C862A8-A000-4EAD-BE15-3F0F92473DD8}.Debug|Win32.Build.0 = Debug|Win32
		{06C862A8-A000-4EAD-BE15-3F0F92473DD8}.Release|Win32.ActiveCfg = Release|Win32
		{06C862A8-A000-4EAD-BE15-3F0F92473DD8}.Release|Win32.Build.0 = Release|Win32
		{4A2A9A64-4D1D-4B91-B7BB-915E05AF93E4}.Debug|Win32.ActiveCfg = Debug|Win32
		{4A2A9A64-4D1D-4B91-B7BB-915E05AF93E4}.Debug|Win32.Build.0 = Debug|Win32
		{4A2A9A64-4D1D-4B91-B7BB-915E05AF93E4}.Release|Win32.ActiveCfg = Release|Win32
		{4A2A9A64-4D1D-4B91-B7BB-915E05AF93E4}.Release|Win32.Build.0 = Release|Win32
		{690345F0-3225-4068-A9DF-046BDBDAE4B8}.Debug|Win32.ActiveCfg = Debug|Win32
		{690345F0-3225-4068-A9DF-046BDBDAE4B8}.Debug|Win32.Build.0 = Debug|Win32
		{690345F0-3225-4068-A9DF-046BDBDAE4B8}.Release|Win32.ActiveCfg = Release|Win32
		{690345F0-3225-4068-A9DF-046BDBDAE4B8}.Release|Win32.Build.0 = Release|Win32
		{EDA271A0-54AC-41BF-B951-E7237F1C3E26}.Debug|Win32.ActiveCfg = Debug|Win32
		{EDA271A0-54AC-41BF-B951-E7237F1C3E26}.Debug|Win32.Build.0 = Debug|Win32
		{EDA271A0-54AC-41BF-B951-E7237F1C3E26}.Release|Win32.ActiveCfg = Release|Win32
		{EDA271A0-54AC-41BF-B951-E7237F1C3E26}.Release|Win32.Build.0 = Release|Win32
		{C9791143-5DBC-4C46-BDAB-DB72863F8965}.Debug|Win32.ActiveCfg = Debug|Win32
		{C9791143-5DBC-4C46-BDAB-DB72863F8965}.Debug|Win32.Build.0 = Debug|Win32
		{C9791143-5DBC-4C46-BDAB-DB72863F8965}.Release|Win32.ActiveCfg = Release|Win32
		{C9791143-5DBC-4C46-BDAB-DB72863F8965}.Release|Win32.Build.0 = Release|Win32
		{E1A19A32-E4D5-4228-9D73-3DBC7EFED825}.Debug|Win32.ActiveCfg = Debug|Win32
		{E1A19A32-E4D5-4228-9D73-3DBC7EFED825}.Debug|Win32.Build.0 = Debug|Win32
		{E1A19A32-E4D5-4228-9D73-3DBC7EFED825}.Release|Win32.ActiveCfg = Release|Win32
		{E1A19A32-E4D5-4228-9D73-3DBC7EFED825}.Release|Win32.Build.0 = Release|Win32
		{5C1C2FD5-EA5A-40FE-81A8-59E0D3B31ED9}.Debug|Win32.ActiveCfg = Debug|Win32
		{5C1C2FD5-EA5A-40FE-81A8-59E0D3B31ED9}.Debug|Win32.Build.0 = Debug|Win32
		{5C1C2FD5-EA5A-40FE-81A8-59E0D3B31ED9}.Release|Win32.ActiveCfg = Release|Win32
		{5C1C2FD5-EA5A-40FE-81A8-59E0D3B31ED9}.Release|Win32.Build.0 = Release|Win32
		{46EF7C21-A58A-4957-A90F-72B87C7B5E48}.Debug|Win32.ActiveCfg = Debug|Win32
		{46EF7C21-A58A-4957-A90F-72B87C7B5E48}.Debug|Win32.Build.0 = Debug|Win32
		{46EF7C21-A58A-4957-A90F-72B87C7B5E48}.Release|Win32.ActiveCfg = Release|Win32
		{46EF7C21-A58A-4957-A90F-72B87C7B5E48}.Release|Win32.Build.0 = Release|Win32
		{98D66E15-6E34-4875-B886-BD46DE1BA020}.Debug|Win32.ActiveCfg = Debug|Win32
		{98D66E15-6E34-4875-B886-BD46DE1BA020}.Debug|Win32.Build.0 = Debug|Win32
		{98D66E15-6E34-4875-B886-BD46DE1BA020}.Release|Win32.ActiveCfg = Release|Win32
		{98D66E15-6E34-4875-B886-BD46DE1BA020}.Release|Win32.Build.0 = Release|Win32
		{B2631FB3-E144-4A62-8C3E-28156437711D}.Debug|Win32.ActiveCfg = Debug|Win32
		{B2631FB3-E144-4A62-8C3E-28156437711D}.Debug|Win32.Build.0 = Debug|Win32
		{B2631FB3-E144-4A62-8C3E-28156437711D}.Release|Win32.ActiveCfg = Release|Win32
		{B2631FB3-E144-4A62-8C3E-28156437711D}.Release|Win32.Build.0 = Release|Win32
		{D0B84834-1FA3-44B2-9A72-581E8EC3844C}.Debug|Win32.ActiveCfg = Debug|Win32
		{D0B84834-1FA3-44B2-9A72-581E8EC3844C}.Debug|Win32.Build.0 = Debug|Win32
		{D0B84834-1FA3-44B2-9A72-581E8EC3844C}.Release|Win32.ActiveCfg = Release|Win32
		{D0B84834-1FA3-44B2-9A72-581E8EC3844C}.Release|Win32.Build.0 = Release|Win32
		{9A40BB1A-75C0-4DEE-9688-901AF7B087AC}.Debug|Win32.ActiveCfg = Debug|Win32
		{9A40BB1A-75C0-4DEE-9688-901AF7B087AC}.Debug|Win32.Build.0 = Debug|Win32
		{9A40BB1A-75C0-4DEE-9688-901AF7B087AC}.Release|Win32.ActiveCfg = Release|Win32
		{9A40BB1A-75C0-4DEE-9688-901AF7B087AC}.Release|Win32.Build.0 = Release|Win32
		{E8347CD8-4A80-46CB-B639-FD7C1453D0F9}.Debug|Win32.ActiveCfg = Debug|Win32
		{E8347CD8-4A80-46CB-B639-FD7C1453D0F9}.Debug|Win32.Build.0 = Debug|Win32
		{E8347CD8-4A80-46CB-B639-FD7C1453D0F9}.Release|Win32.ActiveCfg = Release|Win32
		{E8347CD8-4A80-46CB-B639-FD7C1453D0F9}.Release|Win32.Build.0 = Release|Win32
	EndGlobalSection
	GlobalSection(SolutionProperties) = preSolution
		HideSolutionNode = FALSE
	EndGlobalSection
EndGlobal
