
Microsoft Visual Studio Solution File, Format Version 12.00
# Visual Studio 2012
Project("{8BC9CEB8-8B4A-11D0-8D11-00A0C91BC942}") = "颜色矩形", "颜色矩形\颜色矩形.vcxproj", "{DDDD7B68-9295-4F09-9690-0FF89B20609D}"
EndProject
Project("{8BC9CEB8-8B4A-11D0-8D11-00A0C91BC942}") = "计算平均成绩", "计算平均成绩\计算平均成绩.vcxproj", "{B59DD730-D3B6-4B20-95CD-DB965C36B89D}"
EndProject
Project("{8BC9CEB8-8B4A-11D0-8D11-00A0C91BC942}") = "列表框", "列表框\列表框.vcxproj", "{E287F07E-06C0-466B-B2F8-C4F03BDB4B83}"
EndProject
Project("{8BC9CEB8-8B4A-11D0-8D11-00A0C91BC942}") = "成绩登记", "成绩登记\成绩登记.vcxproj", "{EF091861-91CB-4C68-9629-7A2913DB8481}"
EndProject
Project("{8BC9CEB8-8B4A-11D0-8D11-00A0C91BC942}") = "组合框", "组合框\组合框.vcxproj", "{666DB74F-6F3D-47A9-9E3C-345017A65A98}"
EndProject
Project("{8BC9CEB8-8B4A-11D0-8D11-00A0C91BC942}") = "旋转按钮", "旋转按钮\旋转按钮.vcxproj", "{7C395F82-E231-40AC-99FB-87272BE30357}"
EndProject
Project("{8BC9CEB8-8B4A-11D0-8D11-00A0C91BC942}") = "输入成绩", "输入成绩\输入成绩.vcxproj", "{E523032A-FEAB-4F2F-BEC0-23E9574F8F40}"
EndProject
Project("{8BC9CEB8-8B4A-11D0-8D11-00A0C91BC942}") = "进展条", "进展条\进展条.vcxproj", "{B49564B3-BCFE-4DDE-94B5-44567C9FADBD}"
EndProject
Project("{8BC9CEB8-8B4A-11D0-8D11-00A0C91BC942}") = "打开", "打开\打开.vcxproj", "{CBB4135D-0941-4682-89C3-7186AF89D86B}"
EndProject
Project("{8BC9CEB8-8B4A-11D0-8D11-00A0C91BC942}") = "使用进展条", "使用进展条\使用进展条.vcxproj", "{F2320A59-F889-4046-A4EB-2ABD86078578}"
EndProject
Project("{8BC9CEB8-8B4A-11D0-8D11-00A0C91BC942}") = "滚动条", "滚动条\滚动条.vcxproj", "{EDC77AD5-C585-48E7-ACBA-6D3F6F01FBE2}"
EndProject
Project("{8BC9CEB8-8B4A-11D0-8D11-00A0C91BC942}") = "滑动条", "滑动条\滑动条.vcxproj", "{6882FBEB-C705-4E91-8122-DBAA27C0970F}"
EndProject
Project("{8BC9CEB8-8B4A-11D0-8D11-00A0C91BC942}") = "绘制矩形", "绘制矩形\绘制矩形.vcxproj", "{43D0B04E-20F7-49DD-BD5B-5075D30FA3EF}"
EndProject
Project("{8BC9CEB8-8B4A-11D0-8D11-00A0C91BC942}") = "标签控件", "标签控件\标签控件.vcxproj", "{E93820D6-33EB-413F-BF43-095102325D79}"
EndProject
Project("{8BC9CEB8-8B4A-11D0-8D11-00A0C91BC942}") = "创建属性表", "创建属性表\创建属性表.vcxproj", "{0D6972A7-4F23-4FAE-B675-D4FA995B0BC9}"
EndProject
Project("{8BC9CEB8-8B4A-11D0-8D11-00A0C91BC942}") = "向导对话框", "向导对话框\向导对话框.vcxproj", "{FDDBBC81-B5DD-4FF5-84F5-F59253D7618B}"
EndProject
Project("{8BC9CEB8-8B4A-11D0-8D11-00A0C91BC942}") = "控件背景颜色", "控件背景颜色\控件背景颜色.vcxproj", "{08265FED-3F56-438D-A414-E7DBFE7601D8}"
EndProject
Project("{8BC9CEB8-8B4A-11D0-8D11-00A0C91BC942}") = "设置背景颜色", "设置背景颜色\设置背景颜色.vcxproj", "{AB8F2705-D772-4385-A9D3-6D09A4FEDBEF}"
EndProject
Project("{8BC9CEB8-8B4A-11D0-8D11-00A0C91BC942}") = "在控件中绘图", "在控件中绘图\在控件中绘图.vcxproj", "{B879A1EE-82E5-46C4-AF06-B3B3369597A4}"
EndProject
Project("{8BC9CEB8-8B4A-11D0-8D11-00A0C91BC942}") = "通用对话框", "通用对话框\通用对话框.vcxproj", "{5E3618C5-0C0C-42EE-901A-E88E66347BC6}"
EndProject
Project("{8BC9CEB8-8B4A-11D0-8D11-00A0C91BC942}") = "计算器", "计算器\计算器.vcxproj", "{2B6CE22F-7AB1-4050-949E-589C912878C0}"
EndProject
Project("{8BC9CEB8-8B4A-11D0-8D11-00A0C91BC942}") = "对话框与控件", "对话框与控件\对话框与控件.vcxproj", "{836325DA-B234-45F0-823B-CD0BB366E490}"
EndProject
Project("{8BC9CEB8-8B4A-11D0-8D11-00A0C91BC942}") = "更改字体设置", "更改字体设置\更改字体设置.vcxproj", "{BEC0B086-0F99-49F5-9676-B069A2544D6D}"
EndProject
Global
	GlobalSection(SolutionConfigurationPlatforms) = preSolution
		Debug|Win32 = Debug|Win32
		Release|Win32 = Release|Win32
	EndGlobalSection
	GlobalSection(ProjectConfigurationPlatforms) = postSolution
		{DDDD7B68-9295-4F09-9690-0FF89B20609D}.Debug|Win32.ActiveCfg = Debug|Win32
		{DDDD7B68-9295-4F09-9690-0FF89B20609D}.Debug|Win32.Build.0 = Debug|Win32
		{DDDD7B68-9295-4F09-9690-0FF89B20609D}.Release|Win32.ActiveCfg = Release|Win32
		{DDDD7B68-9295-4F09-9690-0FF89B20609D}.Release|Win32.Build.0 = Release|Win32
		{B59DD730-D3B6-4B20-95CD-DB965C36B89D}.Debug|Win32.ActiveCfg = Debug|Win32
		{B59DD730-D3B6-4B20-95CD-DB965C36B89D}.Debug|Win32.Build.0 = Debug|Win32
		{B59DD730-D3B6-4B20-95CD-DB965C36B89D}.Release|Win32.ActiveCfg = Release|Win32
		{B59DD730-D3B6-4B20-95CD-DB965C36B89D}.Release|Win32.Build.0 = Release|Win32
		{E287F07E-06C0-466B-B2F8-C4F03BDB4B83}.Debug|Win32.ActiveCfg = Debug|Win32
		{E287F07E-06C0-466B-B2F8-C4F03BDB4B83}.Debug|Win32.Build.0 = Debug|Win32
		{E287F07E-06C0-466B-B2F8-C4F03BDB4B83}.Release|Win32.ActiveCfg = Release|Win32
		{E287F07E-06C0-466B-B2F8-C4F03BDB4B83}.Release|Win32.Build.0 = Release|Win32
		{EF091861-91CB-4C68-9629-7A2913DB8481}.Debug|Win32.ActiveCfg = Debug|Win32
		{EF091861-91CB-4C68-9629-7A2913DB8481}.Debug|Win32.Build.0 = Debug|Win32
		{EF091861-91CB-4C68-9629-7A2913DB8481}.Release|Win32.ActiveCfg = Release|Win32
		{EF091861-91CB-4C68-9629-7A2913DB8481}.Release|Win32.Build.0 = Release|Win32
		{666DB74F-6F3D-47A9-9E3C-345017A65A98}.Debug|Win32.ActiveCfg = Debug|Win32
		{666DB74F-6F3D-47A9-9E3C-345017A65A98}.Debug|Win32.Build.0 = Debug|Win32
		{666DB74F-6F3D-47A9-9E3C-345017A65A98}.Release|Win32.ActiveCfg = Release|Win32
		{666DB74F-6F3D-47A9-9E3C-345017A65A98}.Release|Win32.Build.0 = Release|Win32
		{7C395F82-E231-40AC-99FB-87272BE30357}.Debug|Win32.ActiveCfg = Debug|Win32
		{7C395F82-E231-40AC-99FB-87272BE30357}.Debug|Win32.Build.0 = Debug|Win32
		{7C395F82-E231-40AC-99FB-87272BE30357}.Release|Win32.ActiveCfg = Release|Win32
		{7C395F82-E231-40AC-99FB-87272BE30357}.Release|Win32.Build.0 = Release|Win32
		{E523032A-FEAB-4F2F-BEC0-23E9574F8F40}.Debug|Win32.ActiveCfg = Debug|Win32
		{E523032A-FEAB-4F2F-BEC0-23E9574F8F40}.Debug|Win32.Build.0 = Debug|Win32
		{E523032A-FEAB-4F2F-BEC0-23E9574F8F40}.Release|Win32.ActiveCfg = Release|Win32
		{E523032A-FEAB-4F2F-BEC0-23E9574F8F40}.Release|Win32.Build.0 = Release|Win32
		{B49564B3-BCFE-4DDE-94B5-44567C9FADBD}.Debug|Win32.ActiveCfg = Debug|Win32
		{B49564B3-BCFE-4DDE-94B5-44567C9FADBD}.Debug|Win32.Build.0 = Debug|Win32
		{B49564B3-BCFE-4DDE-94B5-44567C9FADBD}.Release|Win32.ActiveCfg = Release|Win32
		{B49564B3-BCFE-4DDE-94B5-44567C9FADBD}.Release|Win32.Build.0 = Release|Win32
		{CBB4135D-0941-4682-89C3-7186AF89D86B}.Debug|Win32.ActiveCfg = Debug|Win32
		{CBB4135D-0941-4682-89C3-7186AF89D86B}.Debug|Win32.Build.0 = Debug|Win32
		{CBB4135D-0941-4682-89C3-7186AF89D86B}.Release|Win32.ActiveCfg = Release|Win32
		{CBB4135D-0941-4682-89C3-7186AF89D86B}.Release|Win32.Build.0 = Release|Win32
		{F2320A59-F889-4046-A4EB-2ABD86078578}.Debug|Win32.ActiveCfg = Debug|Win32
		{F2320A59-F889-4046-A4EB-2ABD86078578}.Debug|Win32.Build.0 = Debug|Win32
		{F2320A59-F889-4046-A4EB-2ABD86078578}.Release|Win32.ActiveCfg = Release|Win32
		{F2320A59-F889-4046-A4EB-2ABD86078578}.Release|Win32.Build.0 = Release|Win32
		{EDC77AD5-C585-48E7-ACBA-6D3F6F01FBE2}.Debug|Win32.ActiveCfg = Debug|Win32
		{EDC77AD5-C585-48E7-ACBA-6D3F6F01FBE2}.Debug|Win32.Build.0 = Debug|Win32
		{EDC77AD5-C585-48E7-ACBA-6D3F6F01FBE2}.Release|Win32.ActiveCfg = Release|Win32
		{EDC77AD5-C585-48E7-ACBA-6D3F6F01FBE2}.Release|Win32.Build.0 = Release|Win32
		{6882FBEB-C705-4E91-8122-DBAA27C0970F}.Debug|Win32.ActiveCfg = Debug|Win32
		{6882FBEB-C705-4E91-8122-DBAA27C0970F}.Debug|Win32.Build.0 = Debug|Win32
		{6882FBEB-C705-4E91-8122-DBAA27C0970F}.Release|Win32.ActiveCfg = Release|Win32
		{6882FBEB-C705-4E91-8122-DBAA27C0970F}.Release|Win32.Build.0 = Release|Win32
		{43D0B04E-20F7-49DD-BD5B-5075D30FA3EF}.Debug|Win32.ActiveCfg = Debug|Win32
		{43D0B04E-20F7-49DD-BD5B-5075D30FA3EF}.Debug|Win32.Build.0 = Debug|Win32
		{43D0B04E-20F7-49DD-BD5B-5075D30FA3EF}.Release|Win32.ActiveCfg = Release|Win32
		{43D0B04E-20F7-49DD-BD5B-5075D30FA3EF}.Release|Win32.Build.0 = Release|Win32
		{E93820D6-33EB-413F-BF43-095102325D79}.Debug|Win32.ActiveCfg = Debug|Win32
		{E93820D6-33EB-413F-BF43-095102325D79}.Debug|Win32.Build.0 = Debug|Win32
		{E93820D6-33EB-413F-BF43-095102325D79}.Release|Win32.ActiveCfg = Release|Win32
		{E93820D6-33EB-413F-BF43-095102325D79}.Release|Win32.Build.0 = Release|Win32
		{0D6972A7-4F23-4FAE-B675-D4FA995B0BC9}.Debug|Win32.ActiveCfg = Debug|Win32
		{0D6972A7-4F23-4FAE-B675-D4FA995B0BC9}.Debug|Win32.Build.0 = Debug|Win32
		{0D6972A7-4F23-4FAE-B675-D4FA995B0BC9}.Release|Win32.ActiveCfg = Release|Win32
		{0D6972A7-4F23-4FAE-B675-D4FA995B0BC9}.Release|Win32.Build.0 = Release|Win32
		{FDDBBC81-B5DD-4FF5-84F5-F59253D7618B}.Debug|Win32.ActiveCfg = Debug|Win32
		{FDDBBC81-B5DD-4FF5-84F5-F59253D7618B}.Debug|Win32.Build.0 = Debug|Win32
		{FDDBBC81-B5DD-4FF5-84F5-F59253D7618B}.Release|Win32.ActiveCfg = Release|Win32
		{FDDBBC81-B5DD-4FF5-84F5-F59253D7618B}.Release|Win32.Build.0 = Release|Win32
		{08265FED-3F56-438D-A414-E7DBFE7601D8}.Debug|Win32.ActiveCfg = Debug|Win32
		{08265FED-3F56-438D-A414-E7DBFE7601D8}.Debug|Win32.Build.0 = Debug|Win32
		{08265FED-3F56-438D-A414-E7DBFE7601D8}.Release|Win32.ActiveCfg = Release|Win32
		{08265FED-3F56-438D-A414-E7DBFE7601D8}.Release|Win32.Build.0 = Release|Win32
		{AB8F2705-D772-4385-A9D3-6D09A4FEDBEF}.Debug|Win32.ActiveCfg = Debug|Win32
		{AB8F2705-D772-4385-A9D3-6D09A4FEDBEF}.Debug|Win32.Build.0 = Debug|Win32
		{AB8F2705-D772-4385-A9D3-6D09A4FEDBEF}.Release|Win32.ActiveCfg = Release|Win32
		{AB8F2705-D772-4385-A9D3-6D09A4FEDBEF}.Release|Win32.Build.0 = Release|Win32
		{B879A1EE-82E5-46C4-AF06-B3B3369597A4}.Debug|Win32.ActiveCfg = Debug|Win32
		{B879A1EE-82E5-46C4-AF06-B3B3369597A4}.Debug|Win32.Build.0 = Debug|Win32
		{B879A1EE-82E5-46C4-AF06-B3B3369597A4}.Release|Win32.ActiveCfg = Release|Win32
		{B879A1EE-82E5-46C4-AF06-B3B3369597A4}.Release|Win32.Build.0 = Release|Win32
		{5E3618C5-0C0C-42EE-901A-E88E66347BC6}.Debug|Win32.ActiveCfg = Debug|Win32
		{5E3618C5-0C0C-42EE-901A-E88E66347BC6}.Debug|Win32.Build.0 = Debug|Win32
		{5E3618C5-0C0C-42EE-901A-E88E66347BC6}.Release|Win32.ActiveCfg = Release|Win32
		{5E3618C5-0C0C-42EE-901A-E88E66347BC6}.Release|Win32.Build.0 = Release|Win32
		{2B6CE22F-7AB1-4050-949E-589C912878C0}.Debug|Win32.ActiveCfg = Debug|Win32
		{2B6CE22F-7AB1-4050-949E-589C912878C0}.Debug|Win32.Build.0 = Debug|Win32
		{2B6CE22F-7AB1-4050-949E-589C912878C0}.Release|Win32.ActiveCfg = Release|Win32
		{2B6CE22F-7AB1-4050-949E-589C912878C0}.Release|Win32.Build.0 = Release|Win32
		{836325DA-B234-45F0-823B-CD0BB366E490}.Debug|Win32.ActiveCfg = Debug|Win32
		{836325DA-B234-45F0-823B-CD0BB366E490}.Debug|Win32.Build.0 = Debug|Win32
		{836325DA-B234-45F0-823B-CD0BB366E490}.Release|Win32.ActiveCfg = Release|Win32
		{836325DA-B234-45F0-823B-CD0BB366E490}.Release|Win32.Build.0 = Release|Win32
		{BEC0B086-0F99-49F5-9676-B069A2544D6D}.Debug|Win32.ActiveCfg = Debug|Win32
		{BEC0B086-0F99-49F5-9676-B069A2544D6D}.Debug|Win32.Build.0 = Debug|Win32
		{BEC0B086-0F99-49F5-9676-B069A2544D6D}.Release|Win32.ActiveCfg = Release|Win32
		{BEC0B086-0F99-49F5-9676-B069A2544D6D}.Release|Win32.Build.0 = Release|Win32
	EndGlobalSection
	GlobalSection(SolutionProperties) = preSolution
		HideSolutionNode = FALSE
	EndGlobalSection
EndGlobal
