
Microsoft Visual Studio Solution File, Format Version 12.00
# Visual Studio 2012
Project("{8BC9CEB8-8B4A-11D0-8D11-00A0C91BC942}") = "更改风格", "更改风格\更改风格.vcxproj", "{EE9B7C0B-C285-4DAE-81AC-E99D6E631E8F}"
EndProject
Project("{8BC9CEB8-8B4A-11D0-8D11-00A0C91BC942}") = "多文档", "多文档\多文档.vcxproj", "{05149F3E-04E7-4C27-8254-CC47EE11E070}"
EndProject
Project("{8BC9CEB8-8B4A-11D0-8D11-00A0C91BC942}") = "窗口位置", "窗口位置\窗口位置.vcxproj", "{63BB8264-85C4-488A-80E1-A38B835D42F6}"
EndProject
Project("{8BC9CEB8-8B4A-11D0-8D11-00A0C91BC942}") = "串行化", "串行化\串行化.vcxproj", "{DC3A7F6C-DE7D-4307-80F4-FDDD4F9CE8E9}"
EndProject
Project("{8BC9CEB8-8B4A-11D0-8D11-00A0C91BC942}") = "绘制图形", "绘制图形\绘制图形.vcxproj", "{0E331E63-EA68-4EE2-A3A1-DB37590301F8}"
EndProject
Project("{8BC9CEB8-8B4A-11D0-8D11-00A0C91BC942}") = "学生记录", "学生记录\学生记录.vcxproj", "{525E9024-DBB1-4773-9C25-CABC5160B3A5}"
EndProject
Project("{8BC9CEB8-8B4A-11D0-8D11-00A0C91BC942}") = "读取磁盘数据", "读取磁盘数据\读取磁盘数据.vcxproj", "{87A626C6-09AC-4C06-B7FE-FFCF97ACDEDA}"
EndProject
Project("{8BC9CEB8-8B4A-11D0-8D11-00A0C91BC942}") = "编辑视图", "编辑视图\编辑视图.vcxproj", "{CC96C1E6-5D1F-488D-972F-65A7805AB812}"
EndProject
Project("{8BC9CEB8-8B4A-11D0-8D11-00A0C91BC942}") = "背景图", "背景图\背景图.vcxproj", "{12FFC7C4-D627-40AD-953B-E4EDA7BC7B1C}"
EndProject
Project("{8BC9CEB8-8B4A-11D0-8D11-00A0C91BC942}") = "浏览网址", "浏览网址\浏览网址.vcxproj", "{490636D7-70E1-49B5-A38B-4D3711F0008B}"
EndProject
Project("{8BC9CEB8-8B4A-11D0-8D11-00A0C91BC942}") = "加载网页", "加载网页\加载网页.vcxproj", "{8923F61A-E0D7-4F99-B6BB-66455B562A0E}"
EndProject
Project("{8BC9CEB8-8B4A-11D0-8D11-00A0C91BC942}") = "列表控件", "列表控件\列表控件.vcxproj", "{271C4A55-764A-42EA-B295-52DA919F8D18}"
EndProject
Project("{8BC9CEB8-8B4A-11D0-8D11-00A0C91BC942}") = "树控件", "树控件\树控件.vcxproj", "{22B304E9-A3A0-41DB-A20F-D4167FD97EF1}"
EndProject
Project("{8BC9CEB8-8B4A-11D0-8D11-00A0C91BC942}") = "树形目录", "树形目录\树形目录.vcxproj", "{62855C91-993B-4BB0-BE54-2A357074376B}"
EndProject
Project("{8BC9CEB8-8B4A-11D0-8D11-00A0C91BC942}") = "多视图", "多视图\多视图.vcxproj", "{949B2A29-BDC2-4ADC-B4A3-85AA6911640D}"
EndProject
Project("{8BC9CEB8-8B4A-11D0-8D11-00A0C91BC942}") = "静态拆分", "静态拆分\静态拆分.vcxproj", "{3439B1F6-E823-48D6-9DF8-196AA05E1A52}"
EndProject
Project("{8BC9CEB8-8B4A-11D0-8D11-00A0C91BC942}") = "一档多视", "一档多视\一档多视.vcxproj", "{F12E35BF-20AD-4B04-91F4-8081A768FA88}"
EndProject
Project("{8BC9CEB8-8B4A-11D0-8D11-00A0C91BC942}") = "动态拆分2", "动态拆分2\动态拆分2.vcxproj", "{86EE96C3-CA95-42B4-A67A-7986DB517A9F}"
EndProject
Project("{8BC9CEB8-8B4A-11D0-8D11-00A0C91BC942}") = "大学生档案", "大学生档案\大学生档案.vcxproj", "{43306CAD-1F71-49E8-819D-23D64304BDF5}"
EndProject
Project("{8BC9CEB8-8B4A-11D0-8D11-00A0C91BC942}") = "切换窗口", "切换窗口\切换窗口.vcxproj", "{2F87F363-EBF1-47A5-9723-BA33BED28CE6}"
EndProject
Global
	GlobalSection(SolutionConfigurationPlatforms) = preSolution
		Debug|Win32 = Debug|Win32
		Release|Win32 = Release|Win32
	EndGlobalSection
	GlobalSection(ProjectConfigurationPlatforms) = postSolution
		{EE9B7C0B-C285-4DAE-81AC-E99D6E631E8F}.Debug|Win32.ActiveCfg = Debug|Win32
		{EE9B7C0B-C285-4DAE-81AC-E99D6E631E8F}.Debug|Win32.Build.0 = Debug|Win32
		{EE9B7C0B-C285-4DAE-81AC-E99D6E631E8F}.Release|Win32.ActiveCfg = Release|Win32
		{EE9B7C0B-C285-4DAE-81AC-E99D6E631E8F}.Release|Win32.Build.0 = Release|Win32
		{05149F3E-04E7-4C27-8254-CC47EE11E070}.Debug|Win32.ActiveCfg = Debug|Win32
		{05149F3E-04E7-4C27-8254-CC47EE11E070}.Debug|Win32.Build.0 = Debug|Win32
		{05149F3E-04E7-4C27-8254-CC47EE11E070}.Release|Win32.ActiveCfg = Release|Win32
		{05149F3E-04E7-4C27-8254-CC47EE11E070}.Release|Win32.Build.0 = Release|Win32
		{63BB8264-85C4-488A-80E1-A38B835D42F6}.Debug|Win32.ActiveCfg = Debug|Win32
		{63BB8264-85C4-488A-80E1-A38B835D42F6}.Debug|Win32.Build.0 = Debug|Win32
		{63BB8264-85C4-488A-80E1-A38B835D42F6}.Release|Win32.ActiveCfg = Release|Win32
		{63BB8264-85C4-488A-80E1-A38B835D42F6}.Release|Win32.Build.0 = Release|Win32
		{DC3A7F6C-DE7D-4307-80F4-FDDD4F9CE8E9}.Debug|Win32.ActiveCfg = Debug|Win32
		{DC3A7F6C-DE7D-4307-80F4-FDDD4F9CE8E9}.Debug|Win32.Build.0 = Debug|Win32
		{DC3A7F6C-DE7D-4307-80F4-FDDD4F9CE8E9}.Release|Win32.ActiveCfg = Release|Win32
		{DC3A7F6C-DE7D-4307-80F4-FDDD4F9CE8E9}.Release|Win32.Build.0 = Release|Win32
		{0E331E63-EA68-4EE2-A3A1-DB37590301F8}.Debug|Win32.ActiveCfg = Debug|Win32
		{0E331E63-EA68-4EE2-A3A1-DB37590301F8}.Debug|Win32.Build.0 = Debug|Win32
		{0E331E63-EA68-4EE2-A3A1-DB37590301F8}.Release|Win32.ActiveCfg = Release|Win32
		{0E331E63-EA68-4EE2-A3A1-DB37590301F8}.Release|Win32.Build.0 = Release|Win32
		{525E9024-DBB1-4773-9C25-CABC5160B3A5}.Debug|Win32.ActiveCfg = Debug|Win32
		{525E9024-DBB1-4773-9C25-CABC5160B3A5}.Debug|Win32.Build.0 = Debug|Win32
		{525E9024-DBB1-4773-9C25-CABC5160B3A5}.Release|Win32.ActiveCfg = Release|Win32
		{525E9024-DBB1-4773-9C25-CABC5160B3A5}.Release|Win32.Build.0 = Release|Win32
		{87A626C6-09AC-4C06-B7FE-FFCF97ACDEDA}.Debug|Win32.ActiveCfg = Debug|Win32
		{87A626C6-09AC-4C06-B7FE-FFCF97ACDEDA}.Debug|Win32.Build.0 = Debug|Win32
		{87A626C6-09AC-4C06-B7FE-FFCF97ACDEDA}.Release|Win32.ActiveCfg = Release|Win32
		{87A626C6-09AC-4C06-B7FE-FFCF97ACDEDA}.Release|Win32.Build.0 = Release|Win32
		{CC96C1E6-5D1F-488D-972F-65A7805AB812}.Debug|Win32.ActiveCfg = Debug|Win32
		{CC96C1E6-5D1F-488D-972F-65A7805AB812}.Debug|Win32.Build.0 = Debug|Win32
		{CC96C1E6-5D1F-488D-972F-65A7805AB812}.Release|Win32.ActiveCfg = Release|Win32
		{CC96C1E6-5D1F-488D-972F-65A7805AB812}.Release|Win32.Build.0 = Release|Win32
		{12FFC7C4-D627-40AD-953B-E4EDA7BC7B1C}.Debug|Win32.ActiveCfg = Debug|Win32
		{12FFC7C4-D627-40AD-953B-E4EDA7BC7B1C}.Debug|Win32.Build.0 = Debug|Win32
		{12FFC7C4-D627-40AD-953B-E4EDA7BC7B1C}.Release|Win32.ActiveCfg = Release|Win32
		{12FFC7C4-D627-40AD-953B-E4EDA7BC7B1C}.Release|Win32.Build.0 = Release|Win32
		{490636D7-70E1-49B5-A38B-4D3711F0008B}.Debug|Win32.ActiveCfg = Debug|Win32
		{490636D7-70E1-49B5-A38B-4D3711F0008B}.Debug|Win32.Build.0 = Debug|Win32
		{490636D7-70E1-49B5-A38B-4D3711F0008B}.Release|Win32.ActiveCfg = Release|Win32
		{490636D7-70E1-49B5-A38B-4D3711F0008B}.Release|Win32.Build.0 = Release|Win32
		{8923F61A-E0D7-4F99-B6BB-66455B562A0E}.Debug|Win32.ActiveCfg = Debug|Win32
		{8923F61A-E0D7-4F99-B6BB-66455B562A0E}.Debug|Win32.Build.0 = Debug|Win32
		{8923F61A-E0D7-4F99-B6BB-66455B562A0E}.Release|Win32.ActiveCfg = Release|Win32
		{8923F61A-E0D7-4F99-B6BB-66455B562A0E}.Release|Win32.Build.0 = Release|Win32
		{271C4A55-764A-42EA-B295-52DA919F8D18}.Debug|Win32.ActiveCfg = Debug|Win32
		{271C4A55-764A-42EA-B295-52DA919F8D18}.Debug|Win32.Build.0 = Debug|Win32
		{271C4A55-764A-42EA-B295-52DA919F8D18}.Release|Win32.ActiveCfg = Release|Win32
		{271C4A55-764A-42EA-B295-52DA919F8D18}.Release|Win32.Build.0 = Release|Win32
		{22B304E9-A3A0-41DB-A20F-D4167FD97EF1}.Debug|Win32.ActiveCfg = Debug|Win32
		{22B304E9-A3A0-41DB-A20F-D4167FD97EF1}.Debug|Win32.Build.0 = Debug|Win32
		{22B304E9-A3A0-41DB-A20F-D4167FD97EF1}.Release|Win32.ActiveCfg = Release|Win32
		{22B304E9-A3A0-41DB-A20F-D4167FD97EF1}.Release|Win32.Build.0 = Release|Win32
		{62855C91-993B-4BB0-BE54-2A357074376B}.Debug|Win32.ActiveCfg = Debug|Win32
		{62855C91-993B-4BB0-BE54-2A357074376B}.Debug|Win32.Build.0 = Debug|Win32
		{62855C91-993B-4BB0-BE54-2A357074376B}.Release|Win32.ActiveCfg = Release|Win32
		{62855C91-993B-4BB0-BE54-2A357074376B}.Release|Win32.Build.0 = Release|Win32
		{949B2A29-BDC2-4ADC-B4A3-85AA6911640D}.Debug|Win32.ActiveCfg = Debug|Win32
		{949B2A29-BDC2-4ADC-B4A3-85AA6911640D}.Debug|Win32.Build.0 = Debug|Win32
		{949B2A29-BDC2-4ADC-B4A3-85AA6911640D}.Release|Win32.ActiveCfg = Release|Win32
		{949B2A29-BDC2-4ADC-B4A3-85AA6911640D}.Release|Win32.Build.0 = Release|Win32
		{3439B1F6-E823-48D6-9DF8-196AA05E1A52}.Debug|Win32.ActiveCfg = Debug|Win32
		{3439B1F6-E823-48D6-9DF8-196AA05E1A52}.Debug|Win32.Build.0 = Debug|Win32
		{3439B1F6-E823-48D6-9DF8-196AA05E1A52}.Release|Win32.ActiveCfg = Release|Win32
		{3439B1F6-E823-48D6-9DF8-196AA05E1A52}.Release|Win32.Build.0 = Release|Win32
		{F12E35BF-20AD-4B04-91F4-8081A768FA88}.Debug|Win32.ActiveCfg = Debug|Win32
		{F12E35BF-20AD-4B04-91F4-8081A768FA88}.Debug|Win32.Build.0 = Debug|Win32
		{F12E35BF-20AD-4B04-91F4-8081A768FA88}.Release|Win32.ActiveCfg = Release|Win32
		{F12E35BF-20AD-4B04-91F4-8081A768FA88}.Release|Win32.Build.0 = Release|Win32
		{86EE96C3-CA95-42B4-A67A-7986DB517A9F}.Debug|Win32.ActiveCfg = Debug|Win32
		{86EE96C3-CA95-42B4-A67A-7986DB517A9F}.Debug|Win32.Build.0 = Debug|Win32
		{86EE96C3-CA95-42B4-A67A-7986DB517A9F}.Release|Win32.ActiveCfg = Release|Win32
		{86EE96C3-CA95-42B4-A67A-7986DB517A9F}.Release|Win32.Build.0 = Release|Win32
		{43306CAD-1F71-49E8-819D-23D64304BDF5}.Debug|Win32.ActiveCfg = Debug|Win32
		{43306CAD-1F71-49E8-819D-23D64304BDF5}.Debug|Win32.Build.0 = Debug|Win32
		{43306CAD-1F71-49E8-819D-23D64304BDF5}.Release|Win32.ActiveCfg = Release|Win32
		{43306CAD-1F71-49E8-819D-23D64304BDF5}.Release|Win32.Build.0 = Release|Win32
		{2F87F363-EBF1-47A5-9723-BA33BED28CE6}.Debug|Win32.ActiveCfg = Debug|Win32
		{2F87F363-EBF1-47A5-9723-BA33BED28CE6}.Debug|Win32.Build.0 = Debug|Win32
		{2F87F363-EBF1-47A5-9723-BA33BED28CE6}.Release|Win32.ActiveCfg = Release|Win32
		{2F87F363-EBF1-47A5-9723-BA33BED28CE6}.Release|Win32.Build.0 = Release|Win32
	EndGlobalSection
	GlobalSection(SolutionProperties) = preSolution
		HideSolutionNode = FALSE
	EndGlobalSection
EndGlobal
